
Microsoft Visual Studio Solution File, Format Version 12.00
# Visual Studio Version 17
VisualStudioVersion = 17.12.35707.178 d17.12
MinimumVisualStudioVersion = 10.0.40219.1
Project("{FAE04EC0-301F-11D3-BF4B-00C04F79EFBC}") = "react_net_otus.Server", "react_net_otus.Server\react_net_otus.Server.csproj", "{548FB644-5A90-4E92-B2E9-BD95ACBF20D9}"
EndProject
Project("{54A90642-561A-4BB1-A94E-469ADEE60C69}") = "react_net_otus.client", "react_net_otus.client\react_net_otus.client.esproj", "{8F55C33B-DDB8-434F-BFDB-6AD8F576B496}"
EndProject
Global
	GlobalSection(SolutionConfigurationPlatforms) = preSolution
		Debug|Any CPU = Debug|Any CPU
		Release|Any CPU = Release|Any CPU
	EndGlobalSection
	GlobalSection(ProjectConfigurationPlatforms) = postSolution
		{548FB644-5A90-4E92-B2E9-BD95ACBF20D9}.Debug|Any CPU.ActiveCfg = Debug|Any CPU
		{548FB644-5A90-4E92-B2E9-BD95ACBF20D9}.Debug|Any CPU.Build.0 = Debug|Any CPU
		{548FB644-5A90-4E92-B2E9-BD95ACBF20D9}.Release|Any CPU.ActiveCfg = Release|Any CPU
		{548FB644-5A90-4E92-B2E9-BD95ACBF20D9}.Release|Any CPU.Build.0 = Release|Any CPU
		{8F55C33B-DDB8-434F-BFDB-6AD8F576B496}.Debug|Any CPU.ActiveCfg = Debug|Any CPU
		{8F55C33B-DDB8-434F-BFDB-6AD8F576B496}.Debug|Any CPU.Build.0 = Debug|Any CPU
		{8F55C33B-DDB8-434F-BFDB-6AD8F576B496}.Debug|Any CPU.Deploy.0 = Debug|Any CPU
		{8F55C33B-DDB8-434F-BFDB-6AD8F576B496}.Release|Any CPU.ActiveCfg = Release|Any CPU
		{8F55C33B-DDB8-434F-BFDB-6AD8F576B496}.Release|Any CPU.Build.0 = Release|Any CPU
		{8F55C33B-DDB8-434F-BFDB-6AD8F576B496}.Release|Any CPU.Deploy.0 = Release|Any CPU
	EndGlobalSection
	GlobalSection(SolutionProperties) = preSolution
		HideSolutionNode = FALSE
	EndGlobalSection
EndGlobal
